
Microsoft Visual Studio Solution File, Format Version 12.00
Project("{2150E333-8FDC-42A3-9474-1A3956D46DE8}") = "src", "src", "{275C6B5D-DEB8-47CD-BDCF-A9572D9093A1}"
EndProject
Project("{FAE04EC0-301F-11D3-BF4B-00C04F79EFBC}") = "ManagerAPI", "ManagerAPI\ManagerAPI.csproj", "{B8C2980D-E712-4E74-B02B-09F03C19CB77}"
EndProject
Project("{FAE04EC0-301F-11D3-BF4B-00C04F79EFBC}") = "ManagerDomain", "ManagerDomain\ManagerDomain.csproj", "{53E9145B-F4AE-4333-A2FF-2A1ACD94FBDB}"
EndProject
Project("{FAE04EC0-301F-11D3-BF4B-00C04F79EFBC}") = "ManagerServices", "ManagerServices\ManagerServices.csproj", "{B3468398-908F-4ACD-85A6-3693E1924728}"
EndProject
Project("{FAE04EC0-301F-11D3-BF4B-00C04F79EFBC}") = "ManagerInfra", "ManagerInfra\ManagerInfra.csproj", "{484F04C2-4BD5-4B81-B53E-6F973AAA4D50}"
EndProject
Project("{FAE04EC0-301F-11D3-BF4B-00C04F79EFBC}") = "ManagerCore", "ManagerCore\ManagerCore.csproj", "{7BBCAAD1-64E5-4AA3-8317-D9D47BECF866}"
EndProject
Global
	GlobalSection(SolutionConfigurationPlatforms) = preSolution
		Debug|Any CPU = Debug|Any CPU
		Release|Any CPU = Release|Any CPU
	EndGlobalSection
	GlobalSection(NestedProjects) = preSolution
		{B8C2980D-E712-4E74-B02B-09F03C19CB77} = {275C6B5D-DEB8-47CD-BDCF-A9572D9093A1}
		{7BBCAAD1-64E5-4AA3-8317-D9D47BECF866} = {275C6B5D-DEB8-47CD-BDCF-A9572D9093A1}
		{B3468398-908F-4ACD-85A6-3693E1924728} = {275C6B5D-DEB8-47CD-BDCF-A9572D9093A1}
		{484F04C2-4BD5-4B81-B53E-6F973AAA4D50} = {275C6B5D-DEB8-47CD-BDCF-A9572D9093A1}
		{53E9145B-F4AE-4333-A2FF-2A1ACD94FBDB} = {275C6B5D-DEB8-47CD-BDCF-A9572D9093A1}
	EndGlobalSection
	GlobalSection(ProjectConfigurationPlatforms) = postSolution
		{B8C2980D-E712-4E74-B02B-09F03C19CB77}.Debug|Any CPU.ActiveCfg = Debug|Any CPU
		{B8C2980D-E712-4E74-B02B-09F03C19CB77}.Debug|Any CPU.Build.0 = Debug|Any CPU
		{B8C2980D-E712-4E74-B02B-09F03C19CB77}.Release|Any CPU.ActiveCfg = Release|Any CPU
		{B8C2980D-E712-4E74-B02B-09F03C19CB77}.Release|Any CPU.Build.0 = Release|Any CPU
		{53E9145B-F4AE-4333-A2FF-2A1ACD94FBDB}.Debug|Any CPU.ActiveCfg = Debug|Any CPU
		{53E9145B-F4AE-4333-A2FF-2A1ACD94FBDB}.Debug|Any CPU.Build.0 = Debug|Any CPU
		{53E9145B-F4AE-4333-A2FF-2A1ACD94FBDB}.Release|Any CPU.ActiveCfg = Release|Any CPU
		{53E9145B-F4AE-4333-A2FF-2A1ACD94FBDB}.Release|Any CPU.Build.0 = Release|Any CPU
		{B3468398-908F-4ACD-85A6-3693E1924728}.Debug|Any CPU.ActiveCfg = Debug|Any CPU
		{B3468398-908F-4ACD-85A6-3693E1924728}.Debug|Any CPU.Build.0 = Debug|Any CPU
		{B3468398-908F-4ACD-85A6-3693E1924728}.Release|Any CPU.ActiveCfg = Release|Any CPU
		{B3468398-908F-4ACD-85A6-3693E1924728}.Release|Any CPU.Build.0 = Release|Any CPU
		{484F04C2-4BD5-4B81-B53E-6F973AAA4D50}.Debug|Any CPU.ActiveCfg = Debug|Any CPU
		{484F04C2-4BD5-4B81-B53E-6F973AAA4D50}.Debug|Any CPU.Build.0 = Debug|Any CPU
		{484F04C2-4BD5-4B81-B53E-6F973AAA4D50}.Release|Any CPU.ActiveCfg = Release|Any CPU
		{484F04C2-4BD5-4B81-B53E-6F973AAA4D50}.Release|Any CPU.Build.0 = Release|Any CPU
		{7BBCAAD1-64E5-4AA3-8317-D9D47BECF866}.Debug|Any CPU.ActiveCfg = Debug|Any CPU
		{7BBCAAD1-64E5-4AA3-8317-D9D47BECF866}.Debug|Any CPU.Build.0 = Debug|Any CPU
		{7BBCAAD1-64E5-4AA3-8317-D9D47BECF866}.Release|Any CPU.ActiveCfg = Release|Any CPU
		{7BBCAAD1-64E5-4AA3-8317-D9D47BECF866}.Release|Any CPU.Build.0 = Release|Any CPU
	EndGlobalSection
EndGlobal
